// !$*UTF8*$!
{
	archiveVersion = 1;
	classes = {
	};
	objectVersion = 46;
	objects = {

/* Begin PBXBuildFile section */
		A884AFC901F39F7DCE43E8BC /* libPods-ios-snapSearch-live.a in Frameworks */ = {isa = PBXBuildFile; fileRef = 87D699EE18E84A35D68F049A /* libPods-ios-snapSearch-live.a */; };
		AD1BF22A1B57BE97007B0A2C /* CVViewController.mm in Sources */ = {isa = PBXBuildFile; fileRef = AD1BF2281B57BE97007B0A2C /* CVViewController.mm */; };
		AD1BF22B1B57BE97007B0A2C /* CVViewController.xib in Resources */ = {isa = PBXBuildFile; fileRef = AD1BF2291B57BE97007B0A2C /* CVViewController.xib */; };
		AD1BF2341B57F74C007B0A2C /* tessdata in Resources */ = {isa = PBXBuildFile; fileRef = AD1BF2331B57F74C007B0A2C /* tessdata */; };
		AD3BB1B31B59909E005E4D06 /* ActionButtonGroup.m in Sources */ = {isa = PBXBuildFile; fileRef = AD3BB1B21B59909E005E4D06 /* ActionButtonGroup.m */; };
		AD3BB1B61B59A2CF005E4D06 /* RecognizeTargetView.m in Sources */ = {isa = PBXBuildFile; fileRef = AD3BB1B51B59A2CF005E4D06 /* RecognizeTargetView.m */; };
		AD3BB1B81B59A568005E4D06 /* RecognizeTargetView.xib in Resources */ = {isa = PBXBuildFile; fileRef = AD3BB1B71B59A568005E4D06 /* RecognizeTargetView.xib */; };
		AD3BB1F11B59BE21005E4D06 /* emptyCode.cpp in Sources */ = {isa = PBXBuildFile; fileRef = AD3BB1F01B59BE21005E4D06 /* emptyCode.cpp */; };
		AD3BB1F71B5B42A2005E4D06 /* CVTools.mm in Sources */ = {isa = PBXBuildFile; fileRef = AD3BB1F61B5B42A2005E4D06 /* CVTools.mm */; };
		AD80D9DF1B584C5B00827B6C /* snap.wav in Resources */ = {isa = PBXBuildFile; fileRef = AD80D9DE1B584C5B00827B6C /* snap.wav */; };
		AD80D9E71B59672100827B6C /* NSString+FontAwesome.m in Sources */ = {isa = PBXBuildFile; fileRef = AD80D9E61B59672100827B6C /* NSString+FontAwesome.m */; };
		AD80D9E81B596A2900827B6C /* FontAwesome.ttf in Resources */ = {isa = PBXBuildFile; fileRef = AD80D9E41B5965D200827B6C /* FontAwesome.ttf */; };
		AD9499721B57A10100541B59 /* main.m in Sources */ = {isa = PBXBuildFile; fileRef = AD9499711B57A10100541B59 /* main.m */; };
		AD9499751B57A10100541B59 /* AppDelegate.m in Sources */ = {isa = PBXBuildFile; fileRef = AD9499741B57A10100541B59 /* AppDelegate.m */; };
		AD94997D1B57A10100541B59 /* Images.xcassets in Resources */ = {isa = PBXBuildFile; fileRef = AD94997C1B57A10100541B59 /* Images.xcassets */; };
		AD9499801B57A10100541B59 /* LaunchScreen.xib in Resources */ = {isa = PBXBuildFile; fileRef = AD94997E1B57A10100541B59 /* LaunchScreen.xib */; };
		AD94998C1B57A10200541B59 /* ios_snapSearch_liveTests.m in Sources */ = {isa = PBXBuildFile; fileRef = AD94998B1B57A10200541B59 /* ios_snapSearch_liveTests.m */; };
		AD9499981B57A13700541B59 /* CameraViewController.m in Sources */ = {isa = PBXBuildFile; fileRef = AD9499961B57A13700541B59 /* CameraViewController.m */; };
		AD9499991B57A13700541B59 /* CameraViewController.xib in Resources */ = {isa = PBXBuildFile; fileRef = AD9499971B57A13700541B59 /* CameraViewController.xib */; };
		AD94999B1B57A19900541B59 /* AVFoundation.framework in Frameworks */ = {isa = PBXBuildFile; fileRef = AD94999A1B57A19900541B59 /* AVFoundation.framework */; };
		AD94999D1B57A1BC00541B59 /* opencv2.framework in Frameworks */ = {isa = PBXBuildFile; fileRef = AD94999C1B57A1BC00541B59 /* opencv2.framework */; };
		AD94999F1B57A1E700541B59 /* UIKit.framework in Frameworks */ = {isa = PBXBuildFile; fileRef = AD94999E1B57A1E700541B59 /* UIKit.framework */; };
		AD9499A11B57A1EF00541B59 /* QuartzCore.framework in Frameworks */ = {isa = PBXBuildFile; fileRef = AD9499A01B57A1EF00541B59 /* QuartzCore.framework */; };
		AD9499A31B57A1F500541B59 /* CoreVideo.framework in Frameworks */ = {isa = PBXBuildFile; fileRef = AD9499A21B57A1F500541B59 /* CoreVideo.framework */; };
		AD9499A51B57A1FA00541B59 /* CoreImage.framework in Frameworks */ = {isa = PBXBuildFile; fileRef = AD9499A41B57A1FA00541B59 /* CoreImage.framework */; };
		AD9499A71B57A20A00541B59 /* Accelerate.framework in Frameworks */ = {isa = PBXBuildFile; fileRef = AD9499A61B57A20A00541B59 /* Accelerate.framework */; };
		AD9499A91B57A21300541B59 /* CoreGraphics.framework in Frameworks */ = {isa = PBXBuildFile; fileRef = AD9499A81B57A21300541B59 /* CoreGraphics.framework */; };
		AD9499AB1B57A22200541B59 /* CoreMedia.framework in Frameworks */ = {isa = PBXBuildFile; fileRef = AD9499AA1B57A22200541B59 /* CoreMedia.framework */; };
		AD9499AD1B57A23700541B59 /* AssetsLibrary.framework in Frameworks */ = {isa = PBXBuildFile; fileRef = AD9499AC1B57A23700541B59 /* AssetsLibrary.framework */; };
		ADD50EC51B5815D200E984A7 /* bg5.jpg in Resources */ = {isa = PBXBuildFile; fileRef = ADD50EC41B5815D200E984A7 /* bg5.jpg */; };
		ADD50EC71B58175100E984A7 /* Solid_black.png in Resources */ = {isa = PBXBuildFile; fileRef = ADD50EC61B58175100E984A7 /* Solid_black.png */; };
/* End PBXBuildFile section */

/* Begin PBXContainerItemProxy section */
		AD9499861B57A10200541B59 /* PBXContainerItemProxy */ = {
			isa = PBXContainerItemProxy;
			containerPortal = AD9499641B57A10100541B59 /* Project object */;
			proxyType = 1;
			remoteGlobalIDString = AD94996B1B57A10100541B59;
			remoteInfo = "ios-snapSearch-live";
		};
/* End PBXContainerItemProxy section */

/* Begin PBXFileReference section */
		87D699EE18E84A35D68F049A /* libPods-ios-snapSearch-live.a */ = {isa = PBXFileReference; explicitFileType = archive.ar; includeInIndex = 0; path = "libPods-ios-snapSearch-live.a"; sourceTree = BUILT_PRODUCTS_DIR; };
		AD1BF2271B57BE97007B0A2C /* CVViewController.h */ = {isa = PBXFileReference; fileEncoding = 4; lastKnownFileType = sourcecode.c.h; path = CVViewController.h; sourceTree = "<group>"; };
		AD1BF2281B57BE97007B0A2C /* CVViewController.mm */ = {isa = PBXFileReference; fileEncoding = 4; lastKnownFileType = sourcecode.cpp.objcpp; path = CVViewController.mm; sourceTree = "<group>"; };
		AD1BF2291B57BE97007B0A2C /* CVViewController.xib */ = {isa = PBXFileReference; fileEncoding = 4; lastKnownFileType = file.xib; path = CVViewController.xib; sourceTree = "<group>"; };
		AD1BF2331B57F74C007B0A2C /* tessdata */ = {isa = PBXFileReference; lastKnownFileType = folder; name = tessdata; path = "ios-snapSearch-live/tessdata"; sourceTree = "<group>"; };
		AD3BB1B11B59909E005E4D06 /* ActionButtonGroup.h */ = {isa = PBXFileReference; fileEncoding = 4; lastKnownFileType = sourcecode.c.h; path = ActionButtonGroup.h; sourceTree = "<group>"; };
		AD3BB1B21B59909E005E4D06 /* ActionButtonGroup.m */ = {isa = PBXFileReference; fileEncoding = 4; lastKnownFileType = sourcecode.c.objc; path = ActionButtonGroup.m; sourceTree = "<group>"; };
		AD3BB1B41B59A2CF005E4D06 /* RecognizeTargetView.h */ = {isa = PBXFileReference; fileEncoding = 4; lastKnownFileType = sourcecode.c.h; path = RecognizeTargetView.h; sourceTree = "<group>"; };
		AD3BB1B51B59A2CF005E4D06 /* RecognizeTargetView.m */ = {isa = PBXFileReference; fileEncoding = 4; lastKnownFileType = sourcecode.c.objc; path = RecognizeTargetView.m; sourceTree = "<group>"; };
		AD3BB1B71B59A568005E4D06 /* RecognizeTargetView.xib */ = {isa = PBXFileReference; fileEncoding = 4; lastKnownFileType = file.xib; path = RecognizeTargetView.xib; sourceTree = "<group>"; };
		AD3BB1F01B59BE21005E4D06 /* emptyCode.cpp */ = {isa = PBXFileReference; fileEncoding = 4; lastKnownFileType = sourcecode.cpp.cpp; path = emptyCode.cpp; sourceTree = "<group>"; };
		AD3BB1F51B5B42A2005E4D06 /* CVTools.h */ = {isa = PBXFileReference; fileEncoding = 4; lastKnownFileType = sourcecode.c.h; path = CVTools.h; sourceTree = "<group>"; };
		AD3BB1F61B5B42A2005E4D06 /* CVTools.mm */ = {isa = PBXFileReference; fileEncoding = 4; lastKnownFileType = sourcecode.cpp.objcpp; path = CVTools.mm; sourceTree = "<group>"; };
		AD80D9DE1B584C5B00827B6C /* snap.wav */ = {isa = PBXFileReference; lastKnownFileType = audio.wav; path = snap.wav; sourceTree = "<group>"; };
		AD80D9E41B5965D200827B6C /* FontAwesome.ttf */ = {isa = PBXFileReference; lastKnownFileType = file; path = FontAwesome.ttf; sourceTree = "<group>"; };
		AD80D9E51B59672100827B6C /* NSString+FontAwesome.h */ = {isa = PBXFileReference; fileEncoding = 4; lastKnownFileType = sourcecode.c.h; path = "NSString+FontAwesome.h"; sourceTree = "<group>"; };
		AD80D9E61B59672100827B6C /* NSString+FontAwesome.m */ = {isa = PBXFileReference; fileEncoding = 4; lastKnownFileType = sourcecode.c.objc; path = "NSString+FontAwesome.m"; sourceTree = "<group>"; };
		AD94996C1B57A10100541B59 /* ios-snapSearch-live.app */ = {isa = PBXFileReference; explicitFileType = wrapper.application; includeInIndex = 0; path = "ios-snapSearch-live.app"; sourceTree = BUILT_PRODUCTS_DIR; };
		AD9499701B57A10100541B59 /* Info.plist */ = {isa = PBXFileReference; lastKnownFileType = text.plist.xml; path = Info.plist; sourceTree = "<group>"; };
		AD9499711B57A10100541B59 /* main.m */ = {isa = PBXFileReference; lastKnownFileType = sourcecode.c.objc; path = main.m; sourceTree = "<group>"; };
		AD9499731B57A10100541B59 /* AppDelegate.h */ = {isa = PBXFileReference; lastKnownFileType = sourcecode.c.h; path = AppDelegate.h; sourceTree = "<group>"; };
		AD9499741B57A10100541B59 /* AppDelegate.m */ = {isa = PBXFileReference; lastKnownFileType = sourcecode.c.objc; path = AppDelegate.m; sourceTree = "<group>"; };
		AD94997C1B57A10100541B59 /* Images.xcassets */ = {isa = PBXFileReference; lastKnownFileType = folder.assetcatalog; path = Images.xcassets; sourceTree = "<group>"; };
		AD94997F1B57A10100541B59 /* Base */ = {isa = PBXFileReference; lastKnownFileType = file.xib; name = Base; path = Base.lproj/LaunchScreen.xib; sourceTree = "<group>"; };
		AD9499851B57A10200541B59 /* ios-snapSearch-liveTests.xctest */ = {isa = PBXFileReference; explicitFileType = wrapper.cfbundle; includeInIndex = 0; path = "ios-snapSearch-liveTests.xctest"; sourceTree = BUILT_PRODUCTS_DIR; };
		AD94998A1B57A10200541B59 /* Info.plist */ = {isa = PBXFileReference; lastKnownFileType = text.plist.xml; path = Info.plist; sourceTree = "<group>"; };
		AD94998B1B57A10200541B59 /* ios_snapSearch_liveTests.m */ = {isa = PBXFileReference; lastKnownFileType = sourcecode.c.objc; path = ios_snapSearch_liveTests.m; sourceTree = "<group>"; };
		AD9499951B57A13700541B59 /* CameraViewController.h */ = {isa = PBXFileReference; fileEncoding = 4; lastKnownFileType = sourcecode.c.h; name = CameraViewController.h; path = "ios-snapSearch-live/CameraViewController.h"; sourceTree = "<group>"; };
		AD9499961B57A13700541B59 /* CameraViewController.m */ = {isa = PBXFileReference; fileEncoding = 4; lastKnownFileType = sourcecode.c.objc; name = CameraViewController.m; path = "ios-snapSearch-live/CameraViewController.m"; sourceTree = "<group>"; };
		AD9499971B57A13700541B59 /* CameraViewController.xib */ = {isa = PBXFileReference; fileEncoding = 4; lastKnownFileType = file.xib; name = CameraViewController.xib; path = "ios-snapSearch-live/CameraViewController.xib"; sourceTree = "<group>"; };
		AD94999A1B57A19900541B59 /* AVFoundation.framework */ = {isa = PBXFileReference; lastKnownFileType = wrapper.framework; name = AVFoundation.framework; path = System/Library/Frameworks/AVFoundation.framework; sourceTree = SDKROOT; };
		AD94999C1B57A1BC00541B59 /* opencv2.framework */ = {isa = PBXFileReference; lastKnownFileType = wrapper.framework; path = opencv2.framework; sourceTree = "<group>"; };
		AD94999E1B57A1E700541B59 /* UIKit.framework */ = {isa = PBXFileReference; lastKnownFileType = wrapper.framework; name = UIKit.framework; path = System/Library/Frameworks/UIKit.framework; sourceTree = SDKROOT; };
		AD9499A01B57A1EF00541B59 /* QuartzCore.framework */ = {isa = PBXFileReference; lastKnownFileType = wrapper.framework; name = QuartzCore.framework; path = System/Library/Frameworks/QuartzCore.framework; sourceTree = SDKROOT; };
		AD9499A21B57A1F500541B59 /* CoreVideo.framework */ = {isa = PBXFileReference; lastKnownFileType = wrapper.framework; name = CoreVideo.framework; path = System/Library/Frameworks/CoreVideo.framework; sourceTree = SDKROOT; };
		AD9499A41B57A1FA00541B59 /* CoreImage.framework */ = {isa = PBXFileReference; lastKnownFileType = wrapper.framework; name = CoreImage.framework; path = System/Library/Frameworks/CoreImage.framework; sourceTree = SDKROOT; };
		AD9499A61B57A20A00541B59 /* Accelerate.framework */ = {isa = PBXFileReference; lastKnownFileType = wrapper.framework; name = Accelerate.framework; path = System/Library/Frameworks/Accelerate.framework; sourceTree = SDKROOT; };
		AD9499A81B57A21300541B59 /* CoreGraphics.framework */ = {isa = PBXFileReference; lastKnownFileType = wrapper.framework; name = CoreGraphics.framework; path = System/Library/Frameworks/CoreGraphics.framework; sourceTree = SDKROOT; };
		AD9499AA1B57A22200541B59 /* CoreMedia.framework */ = {isa = PBXFileReference; lastKnownFileType = wrapper.framework; name = CoreMedia.framework; path = System/Library/Frameworks/CoreMedia.framework; sourceTree = SDKROOT; };
		AD9499AC1B57A23700541B59 /* AssetsLibrary.framework */ = {isa = PBXFileReference; lastKnownFileType = wrapper.framework; name = AssetsLibrary.framework; path = System/Library/Frameworks/AssetsLibrary.framework; sourceTree = SDKROOT; };
		AD9499AF1B57A34600541B59 /* PrefixHeader.pch */ = {isa = PBXFileReference; lastKnownFileType = sourcecode.c.h; path = PrefixHeader.pch; sourceTree = "<group>"; };
		ADD50EC41B5815D200E984A7 /* bg5.jpg */ = {isa = PBXFileReference; lastKnownFileType = image.jpeg; name = bg5.jpg; path = ../bg5.jpg; sourceTree = "<group>"; };
		ADD50EC61B58175100E984A7 /* Solid_black.png */ = {isa = PBXFileReference; lastKnownFileType = image.png; name = Solid_black.png; path = ../Solid_black.png; sourceTree = "<group>"; };
		EC365631FD5C1C71610A25C8 /* Pods-ios-snapSearch-live.release.xcconfig */ = {isa = PBXFileReference; includeInIndex = 1; lastKnownFileType = text.xcconfig; name = "Pods-ios-snapSearch-live.release.xcconfig"; path = "Pods/Target Support Files/Pods-ios-snapSearch-live/Pods-ios-snapSearch-live.release.xcconfig"; sourceTree = "<group>"; };
		FC12FE9E5995E87549F039CC /* Pods-ios-snapSearch-live.debug.xcconfig */ = {isa = PBXFileReference; includeInIndex = 1; lastKnownFileType = text.xcconfig; name = "Pods-ios-snapSearch-live.debug.xcconfig"; path = "Pods/Target Support Files/Pods-ios-snapSearch-live/Pods-ios-snapSearch-live.debug.xcconfig"; sourceTree = "<group>"; };
/* End PBXFileReference section */

/* Begin PBXFrameworksBuildPhase section */
		AD9499691B57A10100541B59 /* Frameworks */ = {
			isa = PBXFrameworksBuildPhase;
			buildActionMask = 2147483647;
			files = (
				AD9499AD1B57A23700541B59 /* AssetsLibrary.framework in Frameworks */,
				AD9499AB1B57A22200541B59 /* CoreMedia.framework in Frameworks */,
				AD9499A91B57A21300541B59 /* CoreGraphics.framework in Frameworks */,
				AD9499A71B57A20A00541B59 /* Accelerate.framework in Frameworks */,
				AD9499A51B57A1FA00541B59 /* CoreImage.framework in Frameworks */,
				AD9499A31B57A1F500541B59 /* CoreVideo.framework in Frameworks */,
				AD9499A11B57A1EF00541B59 /* QuartzCore.framework in Frameworks */,
				AD94999F1B57A1E700541B59 /* UIKit.framework in Frameworks */,
				AD94999D1B57A1BC00541B59 /* opencv2.framework in Frameworks */,
				AD94999B1B57A19900541B59 /* AVFoundation.framework in Frameworks */,
				A884AFC901F39F7DCE43E8BC /* libPods-ios-snapSearch-live.a in Frameworks */,
			);
			runOnlyForDeploymentPostprocessing = 0;
		};
		AD9499821B57A10200541B59 /* Frameworks */ = {
			isa = PBXFrameworksBuildPhase;
			buildActionMask = 2147483647;
			files = (
			);
			runOnlyForDeploymentPostprocessing = 0;
		};
/* End PBXFrameworksBuildPhase section */

/* Begin PBXGroup section */
		AD1BF22C1B57C149007B0A2C /* tmp */ = {
			isa = PBXGroup;
			children = (
				AD9499951B57A13700541B59 /* CameraViewController.h */,
				AD9499961B57A13700541B59 /* CameraViewController.m */,
				AD9499971B57A13700541B59 /* CameraViewController.xib */,
				AD3BB1F01B59BE21005E4D06 /* emptyCode.cpp */,
			);
			name = tmp;
			sourceTree = "<group>";
		};
		AD3BB1F21B59C008005E4D06 /* Views */ = {
			isa = PBXGroup;
			children = (
				AD3BB1B11B59909E005E4D06 /* ActionButtonGroup.h */,
				AD3BB1B21B59909E005E4D06 /* ActionButtonGroup.m */,
				AD3BB1B41B59A2CF005E4D06 /* RecognizeTargetView.h */,
				AD3BB1B51B59A2CF005E4D06 /* RecognizeTargetView.m */,
				AD3BB1B71B59A568005E4D06 /* RecognizeTargetView.xib */,
			);
			name = Views;
			sourceTree = "<group>";
		};
		AD3BB1F31B59C038005E4D06 /* Tools */ = {
			isa = PBXGroup;
			children = (
				AD80D9E51B59672100827B6C /* NSString+FontAwesome.h */,
				AD80D9E61B59672100827B6C /* NSString+FontAwesome.m */,
				AD3BB1F51B5B42A2005E4D06 /* CVTools.h */,
				AD3BB1F61B5B42A2005E4D06 /* CVTools.mm */,
			);
			name = Tools;
			sourceTree = "<group>";
		};
		AD9499631B57A10100541B59 = {
			isa = PBXGroup;
			children = (
				AD1BF2331B57F74C007B0A2C /* tessdata */,
				AD1BF22C1B57C149007B0A2C /* tmp */,
				AD9499AE1B57A23C00541B59 /* Frameworks */,
				AD94996E1B57A10100541B59 /* ios-snapSearch-live */,
				AD9499881B57A10200541B59 /* ios-snapSearch-liveTests */,
				AD94996D1B57A10100541B59 /* Products */,
				B2CB87B87E385B1E70BE7012 /* Pods */,
			);
			sourceTree = "<group>";
		};
		AD94996D1B57A10100541B59 /* Products */ = {
			isa = PBXGroup;
			children = (
				AD94996C1B57A10100541B59 /* ios-snapSearch-live.app */,
				AD9499851B57A10200541B59 /* ios-snapSearch-liveTests.xctest */,
			);
			name = Products;
			sourceTree = "<group>";
		};
		AD94996E1B57A10100541B59 /* ios-snapSearch-live */ = {
			isa = PBXGroup;
			children = (
				AD3BB1F31B59C038005E4D06 /* Tools */,
				AD3BB1F21B59C008005E4D06 /* Views */,
				AD9499731B57A10100541B59 /* AppDelegate.h */,
				AD1BF2271B57BE97007B0A2C /* CVViewController.h */,
				AD1BF2281B57BE97007B0A2C /* CVViewController.mm */,
				AD1BF2291B57BE97007B0A2C /* CVViewController.xib */,
				AD9499741B57A10100541B59 /* AppDelegate.m */,
				AD94997C1B57A10100541B59 /* Images.xcassets */,
				AD94997E1B57A10100541B59 /* LaunchScreen.xib */,
				AD94996F1B57A10100541B59 /* Supporting Files */,
			);
			path = "ios-snapSearch-live";
			sourceTree = "<group>";
		};
		AD94996F1B57A10100541B59 /* Supporting Files */ = {
			isa = PBXGroup;
			children = (
				AD80D9E41B5965D200827B6C /* FontAwesome.ttf */,
				ADD50EC41B5815D200E984A7 /* bg5.jpg */,
				ADD50EC61B58175100E984A7 /* Solid_black.png */,
				AD80D9DE1B584C5B00827B6C /* snap.wav */,
				AD9499701B57A10100541B59 /* Info.plist */,
				AD9499711B57A10100541B59 /* main.m */,
				AD9499AF1B57A34600541B59 /* PrefixHeader.pch */,
			);
			name = "Supporting Files";
			sourceTree = "<group>";
		};
		AD9499881B57A10200541B59 /* ios-snapSearch-liveTests */ = {
			isa = PBXGroup;
			children = (
				AD94998B1B57A10200541B59 /* ios_snapSearch_liveTests.m */,
				AD9499891B57A10200541B59 /* Supporting Files */,
			);
			path = "ios-snapSearch-liveTests";
			sourceTree = "<group>";
		};
		AD9499891B57A10200541B59 /* Supporting Files */ = {
			isa = PBXGroup;
			children = (
				AD94998A1B57A10200541B59 /* Info.plist */,
			);
			name = "Supporting Files";
			sourceTree = "<group>";
		};
		AD9499AE1B57A23C00541B59 /* Frameworks */ = {
			isa = PBXGroup;
			children = (
				AD9499AC1B57A23700541B59 /* AssetsLibrary.framework */,
				AD9499AA1B57A22200541B59 /* CoreMedia.framework */,
				AD9499A81B57A21300541B59 /* CoreGraphics.framework */,
				AD9499A61B57A20A00541B59 /* Accelerate.framework */,
				AD9499A41B57A1FA00541B59 /* CoreImage.framework */,
				AD9499A21B57A1F500541B59 /* CoreVideo.framework */,
				AD9499A01B57A1EF00541B59 /* QuartzCore.framework */,
				AD94999E1B57A1E700541B59 /* UIKit.framework */,
				AD94999C1B57A1BC00541B59 /* opencv2.framework */,
				AD94999A1B57A19900541B59 /* AVFoundation.framework */,
				87D699EE18E84A35D68F049A /* libPods-ios-snapSearch-live.a */,
			);
			name = Frameworks;
			sourceTree = "<group>";
		};
		B2CB87B87E385B1E70BE7012 /* Pods */ = {
			isa = PBXGroup;
			children = (
				FC12FE9E5995E87549F039CC /* Pods-ios-snapSearch-live.debug.xcconfig */,
				EC365631FD5C1C71610A25C8 /* Pods-ios-snapSearch-live.release.xcconfig */,
			);
			name = Pods;
			sourceTree = "<group>";
		};
/* End PBXGroup section */

/* Begin PBXNativeTarget section */
		AD94996B1B57A10100541B59 /* ios-snapSearch-live */ = {
			isa = PBXNativeTarget;
			buildConfigurationList = AD94998F1B57A10200541B59 /* Build configuration list for PBXNativeTarget "ios-snapSearch-live" */;
			buildPhases = (
				2F8574FDA2B857976D2ED560 /* Check Pods Manifest.lock */,
				AD9499681B57A10100541B59 /* Sources */,
				AD9499691B57A10100541B59 /* Frameworks */,
				AD94996A1B57A10100541B59 /* Resources */,
				F26D95114E6D9DB3B155B825 /* Copy Pods Resources */,
			);
			buildRules = (
			);
			dependencies = (
			);
			name = "ios-snapSearch-live";
			productName = "ios-snapSearch-live";
			productReference = AD94996C1B57A10100541B59 /* ios-snapSearch-live.app */;
			productType = "com.apple.product-type.application";
		};
		AD9499841B57A10200541B59 /* ios-snapSearch-liveTests */ = {
			isa = PBXNativeTarget;
			buildConfigurationList = AD9499921B57A10200541B59 /* Build configuration list for PBXNativeTarget "ios-snapSearch-liveTests" */;
			buildPhases = (
				AD9499811B57A10200541B59 /* Sources */,
				AD9499821B57A10200541B59 /* Frameworks */,
				AD9499831B57A10200541B59 /* Resources */,
			);
			buildRules = (
			);
			dependencies = (
				AD9499871B57A10200541B59 /* PBXTargetDependency */,
			);
			name = "ios-snapSearch-liveTests";
			productName = "ios-snapSearch-liveTests";
			productReference = AD9499851B57A10200541B59 /* ios-snapSearch-liveTests.xctest */;
			productType = "com.apple.product-type.bundle.unit-test";
		};
/* End PBXNativeTarget section */

/* Begin PBXProject section */
		AD9499641B57A10100541B59 /* Project object */ = {
			isa = PBXProject;
			attributes = {
				LastUpgradeCheck = 0620;
				ORGANIZATIONNAME = "Carter Chang";
				TargetAttributes = {
					AD94996B1B57A10100541B59 = {
						CreatedOnToolsVersion = 6.2;
					};
					AD9499841B57A10200541B59 = {
						CreatedOnToolsVersion = 6.2;
						TestTargetID = AD94996B1B57A10100541B59;
					};
				};
			};
			buildConfigurationList = AD9499671B57A10100541B59 /* Build configuration list for PBXProject "ios-snapSearch-live" */;
			compatibilityVersion = "Xcode 3.2";
			developmentRegion = English;
			hasScannedForEncodings = 0;
			knownRegions = (
				en,
				Base,
			);
			mainGroup = AD9499631B57A10100541B59;
			productRefGroup = AD94996D1B57A10100541B59 /* Products */;
			projectDirPath = "";
			projectRoot = "";
			targets = (
				AD94996B1B57A10100541B59 /* ios-snapSearch-live */,
				AD9499841B57A10200541B59 /* ios-snapSearch-liveTests */,
			);
		};
/* End PBXProject section */

/* Begin PBXResourcesBuildPhase section */
		AD94996A1B57A10100541B59 /* Resources */ = {
			isa = PBXResourcesBuildPhase;
			buildActionMask = 2147483647;
			files = (
				AD80D9E81B596A2900827B6C /* FontAwesome.ttf in Resources */,
				ADD50EC51B5815D200E984A7 /* bg5.jpg in Resources */,
				ADD50EC71B58175100E984A7 /* Solid_black.png in Resources */,
				AD9499991B57A13700541B59 /* CameraViewController.xib in Resources */,
				AD3BB1B81B59A568005E4D06 /* RecognizeTargetView.xib in Resources */,
				AD1BF22B1B57BE97007B0A2C /* CVViewController.xib in Resources */,
				AD1BF2341B57F74C007B0A2C /* tessdata in Resources */,
				AD9499801B57A10100541B59 /* LaunchScreen.xib in Resources */,
				AD80D9DF1B584C5B00827B6C /* snap.wav in Resources */,
				AD94997D1B57A10100541B59 /* Images.xcassets in Resources */,
			);
			runOnlyForDeploymentPostprocessing = 0;
		};
		AD9499831B57A10200541B59 /* Resources */ = {
			isa = PBXResourcesBuildPhase;
			buildActionMask = 2147483647;
			files = (
			);
			runOnlyForDeploymentPostprocessing = 0;
		};
/* End PBXResourcesBuildPhase section */

/* Begin PBXShellScriptBuildPhase section */
		2F8574FDA2B857976D2ED560 /* Check Pods Manifest.lock */ = {
			isa = PBXShellScriptBuildPhase;
			buildActionMask = 2147483647;
			files = (
			);
			inputPaths = (
			);
			name = "Check Pods Manifest.lock";
			outputPaths = (
			);
			runOnlyForDeploymentPostprocessing = 0;
			shellPath = /bin/sh;
			shellScript = "diff \"${PODS_ROOT}/../Podfile.lock\" \"${PODS_ROOT}/Manifest.lock\" > /dev/null\nif [[ $? != 0 ]] ; then\n    cat << EOM\nerror: The sandbox is not in sync with the Podfile.lock. Run 'pod install' or update your CocoaPods installation.\nEOM\n    exit 1\nfi\n";
			showEnvVarsInLog = 0;
		};
		F26D95114E6D9DB3B155B825 /* Copy Pods Resources */ = {
			isa = PBXShellScriptBuildPhase;
			buildActionMask = 2147483647;
			files = (
			);
			inputPaths = (
			);
			name = "Copy Pods Resources";
			outputPaths = (
			);
			runOnlyForDeploymentPostprocessing = 0;
			shellPath = /bin/sh;
			shellScript = "\"${SRCROOT}/Pods/Target Support Files/Pods-ios-snapSearch-live/Pods-ios-snapSearch-live-resources.sh\"\n";
			showEnvVarsInLog = 0;
		};
/* End PBXShellScriptBuildPhase section */

/* Begin PBXSourcesBuildPhase section */
		AD9499681B57A10100541B59 /* Sources */ = {
			isa = PBXSourcesBuildPhase;
			buildActionMask = 2147483647;
			files = (
				AD3BB1F11B59BE21005E4D06 /* emptyCode.cpp in Sources */,
				AD80D9E71B59672100827B6C /* NSString+FontAwesome.m in Sources */,
				AD9499981B57A13700541B59 /* CameraViewController.m in Sources */,
				AD3BB1B61B59A2CF005E4D06 /* RecognizeTargetView.m in Sources */,
				AD9499751B57A10100541B59 /* AppDelegate.m in Sources */,
				AD3BB1F71B5B42A2005E4D06 /* CVTools.mm in Sources */,
				AD3BB1B31B59909E005E4D06 /* ActionButtonGroup.m in Sources */,
				AD9499721B57A10100541B59 /* main.m in Sources */,
				AD1BF22A1B57BE97007B0A2C /* CVViewController.mm in Sources */,
			);
			runOnlyForDeploymentPostprocessing = 0;
		};
		AD9499811B57A10200541B59 /* Sources */ = {
			isa = PBXSourcesBuildPhase;
			buildActionMask = 2147483647;
			files = (
				AD94998C1B57A10200541B59 /* ios_snapSearch_liveTests.m in Sources */,
			);
			runOnlyForDeploymentPostprocessing = 0;
		};
/* End PBXSourcesBuildPhase section */

/* Begin PBXTargetDependency section */
		AD9499871B57A10200541B59 /* PBXTargetDependency */ = {
			isa = PBXTargetDependency;
			target = AD94996B1B57A10100541B59 /* ios-snapSearch-live */;
			targetProxy = AD9499861B57A10200541B59 /* PBXContainerItemProxy */;
		};
/* End PBXTargetDependency section */

/* Begin PBXVariantGroup section */
		AD94997E1B57A10100541B59 /* LaunchScreen.xib */ = {
			isa = PBXVariantGroup;
			children = (
				AD94997F1B57A10100541B59 /* Base */,
			);
			name = LaunchScreen.xib;
			sourceTree = "<group>";
		};
/* End PBXVariantGroup section */

/* Begin XCBuildConfiguration section */
		AD94998D1B57A10200541B59 /* Debug */ = {
			isa = XCBuildConfiguration;
			buildSettings = {
				ALWAYS_SEARCH_USER_PATHS = NO;
				CLANG_CXX_LANGUAGE_STANDARD = "gnu++0x";
				CLANG_CXX_LIBRARY = "libc++";
				CLANG_ENABLE_MODULES = YES;
				CLANG_ENABLE_OBJC_ARC = YES;
				CLANG_WARN_BOOL_CONVERSION = YES;
				CLANG_WARN_CONSTANT_CONVERSION = YES;
				CLANG_WARN_DIRECT_OBJC_ISA_USAGE = YES_ERROR;
				CLANG_WARN_EMPTY_BODY = YES;
				CLANG_WARN_ENUM_CONVERSION = YES;
				CLANG_WARN_INT_CONVERSION = YES;
				CLANG_WARN_OBJC_ROOT_CLASS = YES_ERROR;
				CLANG_WARN_UNREACHABLE_CODE = YES;
				CLANG_WARN__DUPLICATE_METHOD_MATCH = YES;
				"CODE_SIGN_IDENTITY[sdk=iphoneos*]" = "iPhone Developer";
				COPY_PHASE_STRIP = NO;
				ENABLE_STRICT_OBJC_MSGSEND = YES;
				GCC_C_LANGUAGE_STANDARD = gnu99;
				GCC_DYNAMIC_NO_PIC = NO;
				GCC_OPTIMIZATION_LEVEL = 0;
				GCC_PREPROCESSOR_DEFINITIONS = (
					"DEBUG=1",
					"$(inherited)",
				);
				GCC_SYMBOLS_PRIVATE_EXTERN = NO;
				GCC_WARN_64_TO_32_BIT_CONVERSION = YES;
				GCC_WARN_ABOUT_RETURN_TYPE = YES_ERROR;
				GCC_WARN_UNDECLARED_SELECTOR = YES;
				GCC_WARN_UNINITIALIZED_AUTOS = YES_AGGRESSIVE;
				GCC_WARN_UNUSED_FUNCTION = YES;
				GCC_WARN_UNUSED_VARIABLE = YES;
				IPHONEOS_DEPLOYMENT_TARGET = 8.2;
				MTL_ENABLE_DEBUG_INFO = YES;
				ONLY_ACTIVE_ARCH = YES;
				SDKROOT = iphoneos;
			};
			name = Debug;
		};
		AD94998E1B57A10200541B59 /* Release */ = {
			isa = XCBuildConfiguration;
			buildSettings = {
				ALWAYS_SEARCH_USER_PATHS = NO;
				CLANG_CXX_LANGUAGE_STANDARD = "gnu++0x";
				CLANG_CXX_LIBRARY = "libc++";
				CLANG_ENABLE_MODULES = YES;
				CLANG_ENABLE_OBJC_ARC = YES;
				CLANG_WARN_BOOL_CONVERSION = YES;
				CLANG_WARN_CONSTANT_CONVERSION = YES;
				CLANG_WARN_DIRECT_OBJC_ISA_USAGE = YES_ERROR;
				CLANG_WARN_EMPTY_BODY = YES;
				CLANG_WARN_ENUM_CONVERSION = YES;
				CLANG_WARN_INT_CONVERSION = YES;
				CLANG_WARN_OBJC_ROOT_CLASS = YES_ERROR;
				CLANG_WARN_UNREACHABLE_CODE = YES;
				CLANG_WARN__DUPLICATE_METHOD_MATCH = YES;
				"CODE_SIGN_IDENTITY[sdk=iphoneos*]" = "iPhone Developer";
				COPY_PHASE_STRIP = NO;
				ENABLE_NS_ASSERTIONS = NO;
				ENABLE_STRICT_OBJC_MSGSEND = YES;
				GCC_C_LANGUAGE_STANDARD = gnu99;
				GCC_WARN_64_TO_32_BIT_CONVERSION = YES;
				GCC_WARN_ABOUT_RETURN_TYPE = YES_ERROR;
				GCC_WARN_UNDECLARED_SELECTOR = YES;
				GCC_WARN_UNINITIALIZED_AUTOS = YES_AGGRESSIVE;
				GCC_WARN_UNUSED_FUNCTION = YES;
				GCC_WARN_UNUSED_VARIABLE = YES;
				IPHONEOS_DEPLOYMENT_TARGET = 8.2;
				MTL_ENABLE_DEBUG_INFO = NO;
				SDKROOT = iphoneos;
				VALIDATE_PRODUCT = YES;
			};
			name = Release;
		};
		AD9499901B57A10200541B59 /* Debug */ = {
			isa = XCBuildConfiguration;
			baseConfigurationReference = FC12FE9E5995E87549F039CC /* Pods-ios-snapSearch-live.debug.xcconfig */;
			buildSettings = {
				ASSETCATALOG_COMPILER_APPICON_NAME = AppIcon;
				CLANG_ENABLE_MODULES = YES;
				FRAMEWORK_SEARCH_PATHS = (
					"$(inherited)",
					"$(PROJECT_DIR)",
				);
				GCC_PREFIX_HEADER = "$(SRCROOT)/ios-snapSearch-live/PrefixHeader.pch";
				INFOPLIST_FILE = "ios-snapSearch-live/Info.plist";
				IPHONEOS_DEPLOYMENT_TARGET = 8.1;
				LD_RUNPATH_SEARCH_PATHS = "$(inherited) @executable_path/Frameworks";
				PRODUCT_NAME = "$(TARGET_NAME)";
				SWIFT_OPTIMIZATION_LEVEL = "-Onone";
			};
			name = Debug;
		};
		AD9499911B57A10200541B59 /* Release */ = {
			isa = XCBuildConfiguration;
			baseConfigurationReference = EC365631FD5C1C71610A25C8 /* Pods-ios-snapSearch-live.release.xcconfig */;
			buildSettings = {
				ASSETCATALOG_COMPILER_APPICON_NAME = AppIcon;
				CLANG_ENABLE_MODULES = YES;
				FRAMEWORK_SEARCH_PATHS = (
					"$(inherited)",
					"$(PROJECT_DIR)",
				);
				GCC_PREFIX_HEADER = "$(SRCROOT)/ios-snapSearch-live/PrefixHeader.pch";
				INFOPLIST_FILE = "ios-snapSearch-live/Info.plist";
				IPHONEOS_DEPLOYMENT_TARGET = 8.1;
				LD_RUNPATH_SEARCH_PATHS = "$(inherited) @executable_path/Frameworks";
				PRODUCT_NAME = "$(TARGET_NAME)";
			};
			name = Release;
		};
		AD9499931B57A10200541B59 /* Debug */ = {
			isa = XCBuildConfiguration;
			buildSettings = {
				BUNDLE_LOADER = "$(TEST_HOST)";
				FRAMEWORK_SEARCH_PATHS = (
					"$(SDKROOT)/Developer/Library/Frameworks",
					"$(inherited)",
				);
				GCC_PREPROCESSOR_DEFINITIONS = (
					"DEBUG=1",
					"$(inherited)",
				);
				INFOPLIST_FILE = "ios-snapSearch-liveTests/Info.plist";
				LD_RUNPATH_SEARCH_PATHS = "$(inherited) @executable_path/Frameworks @loader_path/Frameworks";
				PRODUCT_NAME = "$(TARGET_NAME)";
				TEST_HOST = "$(BUILT_PRODUCTS_DIR)/ios-snapSearch-live.app/ios-snapSearch-live";
			};
			name = Debug;
		};
		AD9499941B57A10200541B59 /* Release */ = {
			isa = XCBuildConfiguration;
			buildSettings = {
				BUNDLE_LOADER = "$(TEST_HOST)";
				FRAMEWORK_SEARCH_PATHS = (
					"$(SDKROOT)/Developer/Library/Frameworks",
					"$(inherited)",
				);
				INFOPLIST_FILE = "ios-snapSearch-liveTests/Info.plist";
				LD_RUNPATH_SEARCH_PATHS = "$(inherited) @executable_path/Frameworks @loader_path/Frameworks";
				PRODUCT_NAME = "$(TARGET_NAME)";
				TEST_HOST = "$(BUILT_PRODUCTS_DIR)/ios-snapSearch-live.app/ios-snapSearch-live";
			};
			name = Release;
		};
/* End XCBuildConfiguration section */

/* Begin XCConfigurationList section */
		AD9499671B57A10100541B59 /* Build configuration list for PBXProject "ios-snapSearch-live" */ = {
			isa = XCConfigurationList;
			buildConfigurations = (
				AD94998D1B57A10200541B59 /* Debug */,
				AD94998E1B57A10200541B59 /* Release */,
			);
			defaultConfigurationIsVisible = 0;
			defaultConfigurationName = Release;
		};
		AD94998F1B57A10200541B59 /* Build configuration list for PBXNativeTarget "ios-snapSearch-live" */ = {
			isa = XCConfigurationList;
			buildConfigurations = (
				AD9499901B57A10200541B59 /* Debug */,
				AD9499911B57A10200541B59 /* Release */,
			);
			defaultConfigurationIsVisible = 0;
			defaultConfigurationName = Release;
		};
		AD9499921B57A10200541B59 /* Build configuration list for PBXNativeTarget "ios-snapSearch-liveTests" */ = {
			isa = XCConfigurationList;
			buildConfigurations = (
				AD9499931B57A10200541B59 /* Debug */,
				AD9499941B57A10200541B59 /* Release */,
			);
			defaultConfigurationIsVisible = 0;
			defaultConfigurationName = Release;
		};
/* End XCConfigurationList section */
	};
	rootObject = AD9499641B57A10100541B59 /* Project object */;
}
